<?xml version="1.0" encoding="utf-8"?>
<Project ToolsVersion="4.0" xmlns="http://schemas.microsoft.com/developer/msbuild/2003">
  <ItemGroup>
    <Filter Include="Quelldateien">
      <UniqueIdentifier>{4FC737F1-C7A5-4376-A066-2A32D752A2FF}</UniqueIdentifier>
      <Extensions>cpp;c;cc;cxx;def;odl;idl;hpj;bat;asm;asmx</Extensions>
    </Filter>
    <Filter Include="Headerdateien">
      <UniqueIdentifier>{93995380-89BD-4b04-88EB-625FBE52EBFB}</UniqueIdentifier>
      <Extensions>h;hh;hpp;hxx;hm;inl;inc;ipp;xsd</Extensions>
    </Filter>
    <Filter Include="Ressourcendateien">
      <UniqueIdentifier>{67DA6AB6-F800-4c08-8B7A-83BB121AAD01}</UniqueIdentifier>
      <Extensions>rc;ico;cur;bmp;dlg;rc2;rct;bin;rgs;gif;jpg;jpeg;jpe;resx;tiff;tif;png;wav;mfcribbon-ms</Extensions>
    </Filter>
    <Filter Include="Headerdateien\ModClasses">
      <UniqueIdentifier>{49e8109a-c7ff-4309-a428-f1362e4c5b0e}</UniqueIdentifier>
    </Filter>
    <Filter Include="Headerdateien\ModCore">
      <UniqueIdentifier>{099bf45f-55bc-4667-b61e-2b2d4b3d5c28}</UniqueIdentifier>
    </Filter>
    <Filter Include="Headerdateien\Misc">
      <UniqueIdentifier>{e8fb7236-8069-49fc-a30b-073639c2b9dd}</UniqueIdentifier>
    </Filter>
    <Filter Include="Quelldateien\ModClasses">
      <UniqueIdentifier>{3ca5d587-8661-44ee-948c-b587af9f3a08}</UniqueIdentifier>
    </Filter>
    <Filter Include="Quelldateien\ModCore">
      <UniqueIdentifier>{bcb6a1d7-e7d1-431d-ae06-fa140ceb7fe0}</UniqueIdentifier>
    </Filter>
    <Filter Include="Quelldateien\Misc">
      <UniqueIdentifier>{ea73ac00-18cc-4800-b614-1eb2b214eca6}</UniqueIdentifier>
    </Filter>
    <Filter Include="Headerdateien\ModClasses\TestStuff">
      <UniqueIdentifier>{549dfd88-8d09-4700-a84e-375872b0af4f}</UniqueIdentifier>
    </Filter>
    <Filter Include="dependencies">
      <UniqueIdentifier>{7c332237-6347-4ef1-a6a0-96539c19d5bb}</UniqueIdentifier>
    </Filter>
    <Filter Include="Headerdateien\ModClasses\EnumHeaders">
      <UniqueIdentifier>{05cf2cd9-20fd-4592-a8c4-02a65e39c517}</UniqueIdentifier>
    </Filter>
    <Filter Include="Quelldateien\ModClasses\Util">
      <UniqueIdentifier>{197a9e0b-cbf4-402b-b98e-c0740b408722}</UniqueIdentifier>
    </Filter>
  </ItemGroup>
  <ItemGroup>
    <ClInclude Include="Misc\copiedFunc.h">
      <Filter>Headerdateien\Misc</Filter>
    </ClInclude>
    <ClInclude Include="Modclasses\addressBase.h">
      <Filter>Headerdateien\ModClasses</Filter>
    </ClInclude>
    <ClInclude Include="Modclasses\modBase.h">
      <Filter>Headerdateien\ModClasses</Filter>
    </ClInclude>
    <ClInclude Include="modcore\logUtility.h">
      <Filter>Headerdateien\ModCore</Filter>
    </ClInclude>
    <ClInclude Include="modclasses\versionGetter.h">
      <Filter>Headerdateien\ModClasses</Filter>
    </ClInclude>
    <ClInclude Include="modclasses\addressResolver.h">
      <Filter>Headerdateien\ModClasses</Filter>
    </ClInclude>
    <ClInclude Include="Modclasses\enumheaders\strongVersions.h">
      <Filter>Headerdateien\ModClasses\EnumHeaders</Filter>
    </ClInclude>
    <ClInclude Include="modclasses\enumheaders\addressEnums.h">
      <Filter>Headerdateien\ModClasses\EnumHeaders</Filter>
    </ClInclude>
    <ClInclude Include="modclasses\enumheaders\addrResolverEnumAndStruct.h">
      <Filter>Headerdateien\ModClasses\EnumHeaders</Filter>
    </ClInclude>
    <ClInclude Include="modclasses\keyboardInterceptor.h">
      <Filter>Headerdateien\ModClasses</Filter>
    </ClInclude>
    <ClInclude Include="modclasses\enumheaders\keyboardEnumsAndUtil.h">
      <Filter>Headerdateien\ModClasses\EnumHeaders</Filter>
    </ClInclude>
    <ClInclude Include="modclasses\buildRangeChanger.h">
      <Filter>Headerdateien\ModClasses</Filter>
    </ClInclude>
    <ClInclude Include="modcore\modLoader.h">
      <Filter>Headerdateien\ModCore</Filter>
    </ClInclude>
    <ClInclude Include="modcore\modKeeper.h">
      <Filter>Headerdateien\ModCore</Filter>
    </ClInclude>
    <ClInclude Include="modclasses\aicLoad.h">
      <Filter>Headerdateien\ModClasses</Filter>
    </ClInclude>
    <ClInclude Include="modclasses\dummyStuff\protoMod.h">
      <Filter>Headerdateien\ModClasses\TestStuff</Filter>
    </ClInclude>
    <ClInclude Include="modclasses\bltOverlay.h">
      <Filter>Headerdateien\ModClasses</Filter>
    </ClInclude>
    <ClInclude Include="dependencies\easylogging++\easylogging++.h">
      <Filter>dependencies</Filter>
    </ClInclude>
    <ClInclude Include="resources\resource.h">
      <Filter>Headerdateien\Misc</Filter>
    </ClInclude>
    <ClInclude Include="modcore\enumBase.h">
      <Filter>Headerdateien\ModCore</Filter>
    </ClInclude>
    <ClInclude Include="modclasses\enumheaders\pseudoEnumsAI.h">
      <Filter>Headerdateien\ModClasses\EnumHeaders</Filter>
    </ClInclude>
    <ClInclude Include="dependencies\JsonForModernC++\json.hpp">
      <Filter>dependencies</Filter>
    </ClInclude>
    <ClInclude Include="modcore\modManager.h">
      <Filter>Headerdateien\ModCore</Filter>
    </ClInclude>
  </ItemGroup>
  <ItemGroup>
    <ClCompile Include="Misc\copiedFunctions.cpp">
      <Filter>Quelldateien\Misc</Filter>
    </ClCompile>
    <ClCompile Include="Modclasses\addressBase.cpp">
      <Filter>Quelldateien\ModClasses</Filter>
    </ClCompile>
    <ClCompile Include="Modcore\dllmain.cpp">
      <Filter>Quelldateien\ModCore</Filter>
    </ClCompile>
    <ClCompile Include="modcore\logUtility.cpp">
      <Filter>Quelldateien\ModCore</Filter>
    </ClCompile>
    <ClCompile Include="modclasses\versionGetter.cpp">
      <Filter>Quelldateien\ModClasses</Filter>
    </ClCompile>
    <ClCompile Include="modclasses\addressKeeper.cpp">
      <Filter>Quelldateien\ModClasses</Filter>
    </ClCompile>
    <ClCompile Include="modclasses\addressResolver.cpp">
      <Filter>Quelldateien\ModClasses</Filter>
    </ClCompile>
    <ClCompile Include="modclasses\keyboardInterceptor.cpp">
      <Filter>Quelldateien\ModClasses</Filter>
    </ClCompile>
    <ClCompile Include="modclasses\buildRangeChanger.cpp">
      <Filter>Quelldateien\ModClasses</Filter>
    </ClCompile>
    <ClCompile Include="modcore\modLoader.cpp">
      <Filter>Quelldateien\ModCore</Filter>
    </ClCompile>
    <ClCompile Include="modclasses\aicLoad.cpp">
      <Filter>Quelldateien\ModClasses</Filter>
    </ClCompile>
    <ClCompile Include="modclasses\bltOverlay.cpp">
      <Filter>Quelldateien\ModClasses</Filter>
    </ClCompile>
    <ClCompile Include="dependencies\easylogging++\easylogging++.cc">
      <Filter>dependencies</Filter>
    </ClCompile>
    <ClCompile Include="modclasses\util\keyboardUtil.cpp">
      <Filter>Quelldateien\ModClasses\Util</Filter>
    </ClCompile>
    <ClCompile Include="modclasses\util\fontUtil.cpp">
      <Filter>Quelldateien\ModClasses\Util</Filter>
    </ClCompile>
    <ClCompile Include="modclasses\util\menuClassImpl.cpp">
      <Filter>Quelldateien\ModClasses\Util</Filter>
    </ClCompile>
  </ItemGroup>
  <ItemGroup>
    <ResourceCompile Include="resources\Resource.rc">
      <Filter>Ressourcendateien</Filter>
    </ResourceCompile>
  </ItemGroup>
</Project>